
Microsoft Visual Studio Solution File, Format Version 12.00
# Visual Studio Version 16
VisualStudioVersion = 16.0.31702.278
MinimumVisualStudioVersion = 10.0.40219.1
Project("{FAE04EC0-301F-11D3-BF4B-00C04F79EFBC}") = "meadowImageGallery", "meadowImageGallery\meadowImageGallery.csproj", "{75EDB1E1-D5D0-4330-BED9-5994D88D615A}"
EndProject
Global
	GlobalSection(SolutionConfigurationPlatforms) = preSolution
		Debug|Any CPU = Debug|Any CPU
		Release|Any CPU = Release|Any CPU
	EndGlobalSection
	GlobalSection(ProjectConfigurationPlatforms) = postSolution
		{75EDB1E1-D5D0-4330-BED9-5994D88D615A}.Debug|Any CPU.ActiveCfg = Debug|Any CPU
		{75EDB1E1-D5D0-4330-BED9-5994D88D615A}.Debug|Any CPU.Build.0 = Debug|Any CPU
		{75EDB1E1-D5D0-4330-BED9-5994D88D615A}.Debug|Any CPU.Deploy.0 = Debug|Any CPU
		{75EDB1E1-D5D0-4330-BED9-5994D88D615A}.Release|Any CPU.ActiveCfg = Release|Any CPU
		{75EDB1E1-D5D0-4330-BED9-5994D88D615A}.Release|Any CPU.Build.0 = Release|Any CPU
		{75EDB1E1-D5D0-4330-BED9-5994D88D615A}.Release|Any CPU.Deploy.0 = Release|Any CPU
	EndGlobalSection
	GlobalSection(SolutionProperties) = preSolution
		HideSolutionNode = FALSE
	EndGlobalSection
	GlobalSection(ExtensibilityGlobals) = postSolution
		SolutionGuid = {AEF3ACF4-7130-4BFD-A74F-FE44EC89D9AB}
	EndGlobalSection
EndGlobal
